// !$*UTF8*$!
{
	archiveVersion = 1;
	classes = {
	};
	objectVersion = 77;
	objects = {

/* Begin PBXContainerItemProxy section */
		4EBF1CCE2E0B196D00E7DC0B /* PBXContainerItemProxy */ = {
			isa = PBXContainerItemProxy;
			containerPortal = 4EBF1CAF2E0B196C00E7DC0B /* Project object */;
			proxyType = 1;
			remoteGlobalIDString = 4EBF1CB62E0B196C00E7DC0B;
			remoteInfo = PhotosDisplayer;
		};
		4EBF1CD82E0B196D00E7DC0B /* PBXContainerItemProxy */ = {
			isa = PBXContainerItemProxy;
			containerPortal = 4EBF1CAF2E0B196C00E7DC0B /* Project object */;
			proxyType = 1;
			remoteGlobalIDString = 4EBF1CB62E0B196C00E7DC0B;
			remoteInfo = PhotosDisplayer;
		};
/* End PBXContainerItemProxy section */

/* Begin PBXFileReference section */
		4EBF1CB72E0B196C00E7DC0B /* PhotosDisplayer.app */ = {isa = PBXFileReference; explicitFileType = wrapper.application; includeInIndex = 0; path = PhotosDisplayer.app; sourceTree = BUILT_PRODUCTS_DIR; };
		4EBF1CCD2E0B196D00E7DC0B /* PhotosDisplayerTests.xctest */ = {isa = PBXFileReference; explicitFileType = wrapper.cfbundle; includeInIndex = 0; path = PhotosDisplayerTests.xctest; sourceTree = BUILT_PRODUCTS_DIR; };
		4EBF1CD72E0B196D00E7DC0B /* PhotosDisplayerUITests.xctest */ = {isa = PBXFileReference; explicitFileType = wrapper.cfbundle; includeInIndex = 0; path = PhotosDisplayerUITests.xctest; sourceTree = BUILT_PRODUCTS_DIR; };
/* End PBXFileReference section */

/* Begin PBXFileSystemSynchronizedBuildFileExceptionSet section */
		4EBF1CDF2E0B196D00E7DC0B /* Exceptions for "PhotosDisplayer" folder in "PhotosDisplayer" target */ = {
			isa = PBXFileSystemSynchronizedBuildFileExceptionSet;
			membershipExceptions = (
				Info.plist,
			);
			target = 4EBF1CB62E0B196C00E7DC0B /* PhotosDisplayer */;
		};
/* End PBXFileSystemSynchronizedBuildFileExceptionSet section */

/* Begin PBXFileSystemSynchronizedRootGroup section */
		4EBF1CB92E0B196C00E7DC0B /* PhotosDisplayer */ = {
			isa = PBXFileSystemSynchronizedRootGroup;
			exceptions = (
				4EBF1CDF2E0B196D00E7DC0B /* Exceptions for "PhotosDisplayer" folder in "PhotosDisplayer" target */,
			);
			path = PhotosDisplayer;
			sourceTree = "<group>";
		};
		4EBF1CD02E0B196D00E7DC0B /* PhotosDisplayerTests */ = {
			isa = PBXFileSystemSynchronizedRootGroup;
			path = PhotosDisplayerTests;
			sourceTree = "<group>";
		};
		4EBF1CDA2E0B196D00E7DC0B /* PhotosDisplayerUITests */ = {
			isa = PBXFileSystemSynchronizedRootGroup;
			path = PhotosDisplayerUITests;
			sourceTree = "<group>";
		};
/* End PBXFileSystemSynchronizedRootGroup section */

/* Begin PBXFrameworksBuildPhase section */
		4EBF1CB42E0B196C00E7DC0B /* Frameworks */ = {
			isa = PBXFrameworksBuildPhase;
			buildActionMask = 2147483647;
			files = (
			);
			runOnlyForDeploymentPostprocessing = 0;
		};
		4EBF1CCA2E0B196D00E7DC0B /* Frameworks */ = {
			isa = PBXFrameworksBuildPhase;
			buildActionMask = 2147483647;
			files = (
			);
			runOnlyForDeploymentPostprocessing = 0;
		};
		4EBF1CD42E0B196D00E7DC0B /* Frameworks */ = {
			isa = PBXFrameworksBuildPhase;
			buildActionMask = 2147483647;
			files = (
			);
			runOnlyForDeploymentPostprocessing = 0;
		};
/* End PBXFrameworksBuildPhase section */

/* Begin PBXGroup section */
		4EBF1CAE2E0B196C00E7DC0B = {
			isa = PBXGroup;
			children = (
				4EBF1CB92E0B196C00E7DC0B /* PhotosDisplayer */,
				4EBF1CD02E0B196D00E7DC0B /* PhotosDisplayerTests */,
				4EBF1CDA2E0B196D00E7DC0B /* PhotosDisplayerUITests */,
				4EBF1CB82E0B196C00E7DC0B /* Products */,
			);
			sourceTree = "<group>";
		};
		4EBF1CB82E0B196C00E7DC0B /* Products */ = {
			isa = PBXGroup;
			children = (
				4EBF1CB72E0B196C00E7DC0B /* PhotosDisplayer.app */,
				4EBF1CCD2E0B196D00E7DC0B /* PhotosDisplayerTests.xctest */,
				4EBF1CD72E0B196D00E7DC0B /* PhotosDisplayerUITests.xctest */,
			);
			name = Products;
			sourceTree = "<group>";
		};
/* End PBXGroup section */

/* Begin PBXNativeTarget section */
		4EBF1CB62E0B196C00E7DC0B /* PhotosDisplayer */ = {
			isa = PBXNativeTarget;
			buildConfigurationList = 4EBF1CE02E0B196D00E7DC0B /* Build configuration list for PBXNativeTarget "PhotosDisplayer" */;
			buildPhases = (
				4EBF1CB32E0B196C00E7DC0B /* Sources */,
				4EBF1CB42E0B196C00E7DC0B /* Frameworks */,
				4EBF1CB52E0B196C00E7DC0B /* Resources */,
			);
			buildRules = (
			);
			dependencies = (
			);
			fileSystemSynchronizedGroups = (
				4EBF1CB92E0B196C00E7DC0B /* PhotosDisplayer */,
			);
			name = PhotosDisplayer;
			packageProductDependencies = (
			);
			productName = PhotosDisplayer;
			productReference = 4EBF1CB72E0B196C00E7DC0B /* PhotosDisplayer.app */;
			productType = "com.apple.product-type.application";
		};
		4EBF1CCC2E0B196D00E7DC0B /* PhotosDisplayerTests */ = {
			isa = PBXNativeTarget;
			buildConfigurationList = 4EBF1CE52E0B196D00E7DC0B /* Build configuration list for PBXNativeTarget "PhotosDisplayerTests" */;
			buildPhases = (
				4EBF1CC92E0B196D00E7DC0B /* Sources */,
				4EBF1CCA2E0B196D00E7DC0B /* Frameworks */,
				4EBF1CCB2E0B196D00E7DC0B /* Resources */,
			);
			buildRules = (
			);
			dependencies = (
				4EBF1CCF2E0B196D00E7DC0B /* PBXTargetDependency */,
			);
			fileSystemSynchronizedGroups = (
				4EBF1CD02E0B196D00E7DC0B /* PhotosDisplayerTests */,
			);
			name = PhotosDisplayerTests;
			packageProductDependencies = (
			);
			productName = PhotosDisplayerTests;
			productReference = 4EBF1CCD2E0B196D00E7DC0B /* PhotosDisplayerTests.xctest */;
			productType = "com.apple.product-type.bundle.unit-test";
		};
		4EBF1CD62E0B196D00E7DC0B /* PhotosDisplayerUITests */ = {
			isa = PBXNativeTarget;
			buildConfigurationList = 4EBF1CE82E0B196D00E7DC0B /* Build configuration list for PBXNativeTarget "PhotosDisplayerUITests" */;
			buildPhases = (
				4EBF1CD32E0B196D00E7DC0B /* Sources */,
				4EBF1CD42E0B196D00E7DC0B /* Frameworks */,
				4EBF1CD52E0B196D00E7DC0B /* Resources */,
			);
			buildRules = (
			);
			dependencies = (
				4EBF1CD92E0B196D00E7DC0B /* PBXTargetDependency */,
			);
			fileSystemSynchronizedGroups = (
				4EBF1CDA2E0B196D00E7DC0B /* PhotosDisplayerUITests */,
			);
			name = PhotosDisplayerUITests;
			packageProductDependencies = (
			);
			productName = PhotosDisplayerUITests;
			productReference = 4EBF1CD72E0B196D00E7DC0B /* PhotosDisplayerUITests.xctest */;
			productType = "com.apple.product-type.bundle.ui-testing";
		};
/* End PBXNativeTarget section */

/* Begin PBXProject section */
		4EBF1CAF2E0B196C00E7DC0B /* Project object */ = {
			isa = PBXProject;
			attributes = {
				BuildIndependentTargetsInParallel = 1;
				LastSwiftUpdateCheck = 1640;
				LastUpgradeCheck = 1640;
				TargetAttributes = {
					4EBF1CB62E0B196C00E7DC0B = {
						CreatedOnToolsVersion = 16.4;
					};
					4EBF1CCC2E0B196D00E7DC0B = {
						CreatedOnToolsVersion = 16.4;
						TestTargetID = 4EBF1CB62E0B196C00E7DC0B;
					};
					4EBF1CD62E0B196D00E7DC0B = {
						CreatedOnToolsVersion = 16.4;
						TestTargetID = 4EBF1CB62E0B196C00E7DC0B;
					};
				};
			};
			buildConfigurationList = 4EBF1CB22E0B196C00E7DC0B /* Build configuration list for PBXProject "PhotosDisplayer" */;
			developmentRegion = en;
			hasScannedForEncodings = 0;
			knownRegions = (
				en,
				Base,
			);
			mainGroup = 4EBF1CAE2E0B196C00E7DC0B;
			minimizedProjectReferenceProxies = 1;
			preferredProjectObjectVersion = 77;
			productRefGroup = 4EBF1CB82E0B196C00E7DC0B /* Products */;
			projectDirPath = "";
			projectRoot = "";
			targets = (
				4EBF1CB62E0B196C00E7DC0B /* PhotosDisplayer */,
				4EBF1CCC2E0B196D00E7DC0B /* PhotosDisplayerTests */,
				4EBF1CD62E0B196D00E7DC0B /* PhotosDisplayerUITests */,
			);
		};
/* End PBXProject section */

/* Begin PBXResourcesBuildPhase section */
		4EBF1CB52E0B196C00E7DC0B /* Resources */ = {
			isa = PBXResourcesBuildPhase;
			buildActionMask = 2147483647;
			files = (
			);
			runOnlyForDeploymentPostprocessing = 0;
		};
		4EBF1CCB2E0B196D00E7DC0B /* Resources */ = {
			isa = PBXResourcesBuildPhase;
			buildActionMask = 2147483647;
			files = (
			);
			runOnlyForDeploymentPostprocessing = 0;
		};
		4EBF1CD52E0B196D00E7DC0B /* Resources */ = {
			isa = PBXResourcesBuildPhase;
			buildActionMask = 2147483647;
			files = (
			);
			runOnlyForDeploymentPostprocessing = 0;
		};
/* End PBXResourcesBuildPhase section */

/* Begin PBXSourcesBuildPhase section */
		4EBF1CB32E0B196C00E7DC0B /* Sources */ = {
			isa = PBXSourcesBuildPhase;
			buildActionMask = 2147483647;
			files = (
			);
			runOnlyForDeploymentPostprocessing = 0;
		};
		4EBF1CC92E0B196D00E7DC0B /* Sources */ = {
			isa = PBXSourcesBuildPhase;
			buildActionMask = 2147483647;
			files = (
			);
			runOnlyForDeploymentPostprocessing = 0;
		};
		4EBF1CD32E0B196D00E7DC0B /* Sources */ = {
			isa = PBXSourcesBuildPhase;
			buildActionMask = 2147483647;
			files = (
			);
			runOnlyForDeploymentPostprocessing = 0;
		};
/* End PBXSourcesBuildPhase section */

/* Begin PBXTargetDependency section */
		4EBF1CCF2E0B196D00E7DC0B /* PBXTargetDependency */ = {
			isa = PBXTargetDependency;
			target = 4EBF1CB62E0B196C00E7DC0B /* PhotosDisplayer */;
			targetProxy = 4EBF1CCE2E0B196D00E7DC0B /* PBXContainerItemProxy */;
		};
		4EBF1CD92E0B196D00E7DC0B /* PBXTargetDependency */ = {
			isa = PBXTargetDependency;
			target = 4EBF1CB62E0B196C00E7DC0B /* PhotosDisplayer */;
			targetProxy = 4EBF1CD82E0B196D00E7DC0B /* PBXContainerItemProxy */;
		};
/* End PBXTargetDependency section */

/* Begin XCBuildConfiguration section */
		4EBF1CE12E0B196D00E7DC0B /* Debug */ = {
			isa = XCBuildConfiguration;
			buildSettings = {
				ASSETCATALOG_COMPILER_APPICON_NAME = AppIcon;
				ASSETCATALOG_COMPILER_GLOBAL_ACCENT_COLOR_NAME = AccentColor;
				CODE_SIGN_STYLE = Automatic;
				CURRENT_PROJECT_VERSION = 1;
				DEVELOPMENT_TEAM = X5QPQ583EG;
				GENERATE_INFOPLIST_FILE = YES;
				INFOPLIST_FILE = PhotosDisplayer/Info.plist;
				INFOPLIST_KEY_UIApplicationSupportsIndirectInputEvents = YES;
				INFOPLIST_KEY_UILaunchStoryboardName = LaunchScreen;
				INFOPLIST_KEY_UIMainStoryboardFile = Main;
				INFOPLIST_KEY_UISupportedInterfaceOrientations_iPad = "UIInterfaceOrientationPortrait UIInterfaceOrientationPortraitUpsideDown UIInterfaceOrientationLandscapeLeft UIInterfaceOrientationLandscapeRight";
				INFOPLIST_KEY_UISupportedInterfaceOrientations_iPhone = "UIInterfaceOrientationPortrait UIInterfaceOrientationLandscapeLeft UIInterfaceOrientationLandscapeRight";
				LD_RUNPATH_SEARCH_PATHS = (
					"$(inherited)",
					"@executable_path/Frameworks",
				);
				MARKETING_VERSION = 1.0;
				PRODUCT_BUNDLE_IDENTIFIER = com.animata.PhotosDisplayer;
				PRODUCT_NAME = "$(TARGET_NAME)";
				SWIFT_EMIT_LOC_STRINGS = YES;
				SWIFT_VERSION = 5.0;
				TARGETED_DEVICE_FAMILY = "1,2";
			};
			name = Debug;
		};
		4EBF1CE22E0B196D00E7DC0B /* Release */ = {
			isa = XCBuildConfiguration;
			buildSettings = {
				ASSETCATALOG_COMPILER_APPICON_NAME = AppIcon;
				ASSETCATALOG_COMPILER_GLOBAL_ACCENT_COLOR_NAME = AccentColor;
				CODE_SIGN_STYLE = Automatic;
				CURRENT_PROJECT_VERSION = 1;
				DEVELOPMENT_TEAM = X5QPQ583EG;
				GENERATE_INFOPLIST_FILE = YES;
				INFOPLIST_FILE = PhotosDisplayer/Info.plist;
				INFOPLIST_KEY_UIApplicationSupportsIndirectInputEvents = YES;
				INFOPLIST_KEY_UILaunchStoryboardName = LaunchScreen;
				INFOPLIST_KEY_UIMainStoryboardFile = Main;
				INFOPLIST_KEY_UISupportedInterfaceOrientations_iPad = "UIInterfaceOrientationPortrait UIInterfaceOrientationPortraitUpsideDown UIInterfaceOrientationLandscapeLeft UIInterfaceOrientationLandscapeRight";
				INFOPLIST_KEY_UISupportedInterfaceOrientations_iPhone = "UIInterfaceOrientationPortrait UIInterfaceOrientationLandscapeLeft UIInterfaceOrientationLandscapeRight";
				LD_RUNPATH_SEARCH_PATHS = (
					"$(inherited)",
					"@executable_path/Frameworks",
				);
				MARKETING_VERSION = 1.0;
				PRODUCT_BUNDLE_IDENTIFIER = com.animata.PhotosDisplayer;
				PRODUCT_NAME = "$(TARGET_NAME)";
				SWIFT_EMIT_LOC_STRINGS = YES;
				SWIFT_VERSION = 5.0;
				TARGETED_DEVICE_FAMILY = "1,2";
			};
			name = Release;
		};
		4EBF1CE32E0B196D00E7DC0B /* Debug */ = {
			isa = XCBuildConfiguration;
			buildSettings = {
				ALWAYS_SEARCH_USER_PATHS = NO;
				ASSETCATALOG_COMPILER_GENERATE_SWIFT_ASSET_SYMBOL_EXTENSIONS = YES;
				CLANG_ANALYZER_NONNULL = YES;
				CLANG_ANALYZER_NUMBER_OBJECT_CONVERSION = YES_AGGRESSIVE;
				CLANG_CXX_LANGUAGE_STANDARD = "gnu++20";
				CLANG_ENABLE_MODULES = YES;
				CLANG_ENABLE_OBJC_ARC = YES;
				CLANG_ENABLE_OBJC_WEAK = YES;
				CLANG_WARN_BLOCK_CAPTURE_AUTORELEASING = YES;
				CLANG_WARN_BOOL_CONVERSION = YES;
				CLANG_WARN_COMMA = YES;
				CLANG_WARN_CONSTANT_CONVERSION = YES;
				CLANG_WARN_DEPRECATED_OBJC_IMPLEMENTATIONS = YES;
				CLANG_WARN_DIRECT_OBJC_ISA_USAGE = YES_ERROR;
				CLANG_WARN_DOCUMENTATION_COMMENTS = YES;
				CLANG_WARN_EMPTY_BODY = YES;
				CLANG_WARN_ENUM_CONVERSION = YES;
				CLANG_WARN_INFINITE_RECURSION = YES;
				CLANG_WARN_INT_CONVERSION = YES;
				CLANG_WARN_NON_LITERAL_NULL_CONVERSION = YES;
				CLANG_WARN_OBJC_IMPLICIT_RETAIN_SELF = YES;
				CLANG_WARN_OBJC_LITERAL_CONVERSION = YES;
				CLANG_WARN_OBJC_ROOT_CLASS = YES_ERROR;
				CLANG_WARN_QUOTED_INCLUDE_IN_FRAMEWORK_HEADER = YES;
				CLANG_WARN_RANGE_LOOP_ANALYSIS = YES;
				CLANG_WARN_STRICT_PROTOTYPES = YES;
				CLANG_WARN_SUSPICIOUS_MOVE = YES;
				CLANG_WARN_UNGUARDED_AVAILABILITY = YES_AGGRESSIVE;
				CLANG_WARN_UNREACHABLE_CODE = YES;
				CLANG_WARN__DUPLICATE_METHOD_MATCH = YES;
				COPY_PHASE_STRIP = NO;
				DEBUG_INFORMATION_FORMAT = dwarf;
				DEVELOPMENT_TEAM = X5QPQ583EG;
				ENABLE_STRICT_OBJC_MSGSEND = YES;
				ENABLE_TESTABILITY = YES;
				ENABLE_USER_SCRIPT_SANDBOXING = YES;
				GCC_C_LANGUAGE_STANDARD = gnu17;
				GCC_DYNAMIC_NO_PIC = NO;
				GCC_NO_COMMON_BLOCKS = YES;
				GCC_OPTIMIZATION_LEVEL = 0;
				GCC_PREPROCESSOR_DEFINITIONS = (
					"DEBUG=1",
					"$(inherited)",
				);
				GCC_WARN_64_TO_32_BIT_CONVERSION = YES;
				GCC_WARN_ABOUT_RETURN_TYPE = YES_ERROR;
				GCC_WARN_UNDECLARED_SELECTOR = YES;
				GCC_WARN_UNINITIALIZED_AUTOS = YES_AGGRESSIVE;
				GCC_WARN_UNUSED_FUNCTION = YES;
				GCC_WARN_UNUSED_VARIABLE = YES;
				IPHONEOS_DEPLOYMENT_TARGET = 18.5;
				LOCALIZATION_PREFERS_STRING_CATALOGS = YES;
				MTL_ENABLE_DEBUG_INFO = INCLUDE_SOURCE;
				MTL_FAST_MATH = YES;
				ONLY_ACTIVE_ARCH = YES;
				SDKROOT = iphoneos;
				SWIFT_ACTIVE_COMPILATION_CONDITIONS = "DEBUG $(inherited)";
				SWIFT_OPTIMIZATION_LEVEL = "-Onone";
			};
			name = Debug;
		};
		4EBF1CE42E0B196D00E7DC0B /* Release */ = {
			isa = XCBuildConfiguration;
			buildSettings = {
				ALWAYS_SEARCH_USER_PATHS = NO;
				ASSETCATALOG_COMPILER_GENERATE_SWIFT_ASSET_SYMBOL_EXTENSIONS = YES;
				CLANG_ANALYZER_NONNULL = YES;
				CLANG_ANALYZER_NUMBER_OBJECT_CONVERSION = YES_AGGRESSIVE;
				CLANG_CXX_LANGUAGE_STANDARD = "gnu++20";
				CLANG_ENABLE_MODULES = YES;
				CLANG_ENABLE_OBJC_ARC = YES;
				CLANG_ENABLE_OBJC_WEAK = YES;
				CLANG_WARN_BLOCK_CAPTURE_AUTORELEASING = YES;
				CLANG_WARN_BOOL_CONVERSION = YES;
				CLANG_WARN_COMMA = YES;
				CLANG_WARN_CONSTANT_CONVERSION = YES;
				CLANG_WARN_DEPRECATED_OBJC_IMPLEMENTATIONS = YES;
				CLANG_WARN_DIRECT_OBJC_ISA_USAGE = YES_ERROR;
				CLANG_WARN_DOCUMENTATION_COMMENTS = YES;
				CLANG_WARN_EMPTY_BODY = YES;
				CLANG_WARN_ENUM_CONVERSION = YES;
				CLANG_WARN_INFINITE_RECURSION = YES;
				CLANG_WARN_INT_CONVERSION = YES;
				CLANG_WARN_NON_LITERAL_NULL_CONVERSION = YES;
				CLANG_WARN_OBJC_IMPLICIT_RETAIN_SELF = YES;
				CLANG_WARN_OBJC_LITERAL_CONVERSION = YES;
				CLANG_WARN_OBJC_ROOT_CLASS = YES_ERROR;
				CLANG_WARN_QUOTED_INCLUDE_IN_FRAMEWORK_HEADER = YES;
				CLANG_WARN_RANGE_LOOP_ANALYSIS = YES;
				CLANG_WARN_STRICT_PROTOTYPES = YES;
				CLANG_WARN_SUSPICIOUS_MOVE = YES;
				CLANG_WARN_UNGUARDED_AVAILABILITY = YES_AGGRESSIVE;
				CLANG_WARN_UNREACHABLE_CODE = YES;
				CLANG_WARN__DUPLICATE_METHOD_MATCH = YES;
				COPY_PHASE_STRIP = NO;
				DEBUG_INFORMATION_FORMAT = "dwarf-with-dsym";
				DEVELOPMENT_TEAM = X5QPQ583EG;
				ENABLE_NS_ASSERTIONS = NO;
				ENABLE_STRICT_OBJC_MSGSEND = YES;
				ENABLE_USER_SCRIPT_SANDBOXING = YES;
				GCC_C_LANGUAGE_STANDARD = gnu17;
				GCC_NO_COMMON_BLOCKS = YES;
				GCC_WARN_64_TO_32_BIT_CONVERSION = YES;
				GCC_WARN_ABOUT_RETURN_TYPE = YES_ERROR;
				GCC_WARN_UNDECLARED_SELECTOR = YES;
				GCC_WARN_UNINITIALIZED_AUTOS = YES_AGGRESSIVE;
				GCC_WARN_UNUSED_FUNCTION = YES;
				GCC_WARN_UNUSED_VARIABLE = YES;
				IPHONEOS_DEPLOYMENT_TARGET = 18.5;
				LOCALIZATION_PREFERS_STRING_CATALOGS = YES;
				MTL_ENABLE_DEBUG_INFO = NO;
				MTL_FAST_MATH = YES;
				SDKROOT = iphoneos;
				SWIFT_COMPILATION_MODE = wholemodule;
				VALIDATE_PRODUCT = YES;
			};
			name = Release;
		};
		4EBF1CE62E0B196D00E7DC0B /* Debug */ = {
			isa = XCBuildConfiguration;
			buildSettings = {
				BUNDLE_LOADER = "$(TEST_HOST)";
				CODE_SIGN_STYLE = Automatic;
				CURRENT_PROJECT_VERSION = 1;
				DEVELOPMENT_TEAM = X5QPQ583EG;
				GENERATE_INFOPLIST_FILE = YES;
				IPHONEOS_DEPLOYMENT_TARGET = 18.5;
				MARKETING_VERSION = 1.0;
				PRODUCT_BUNDLE_IDENTIFIER = com.animata.PhotosDisplayerTests;
				PRODUCT_NAME = "$(TARGET_NAME)";
				SWIFT_EMIT_LOC_STRINGS = NO;
				SWIFT_VERSION = 5.0;
				TARGETED_DEVICE_FAMILY = "1,2";
				TEST_HOST = "$(BUILT_PRODUCTS_DIR)/PhotosDisplayer.app/$(BUNDLE_EXECUTABLE_FOLDER_PATH)/PhotosDisplayer";
			};
			name = Debug;
		};
		4EBF1CE72E0B196D00E7DC0B /* Release */ = {
			isa = XCBuildConfiguration;
			buildSettings = {
				BUNDLE_LOADER = "$(TEST_HOST)";
				CODE_SIGN_STYLE = Automatic;
				CURRENT_PROJECT_VERSION = 1;
				DEVELOPMENT_TEAM = X5QPQ583EG;
				GENERATE_INFOPLIST_FILE = YES;
				IPHONEOS_DEPLOYMENT_TARGET = 18.5;
				MARKETING_VERSION = 1.0;
				PRODUCT_BUNDLE_IDENTIFIER = com.animata.PhotosDisplayerTests;
				PRODUCT_NAME = "$(TARGET_NAME)";
				SWIFT_EMIT_LOC_STRINGS = NO;
				SWIFT_VERSION = 5.0;
				TARGETED_DEVICE_FAMILY = "1,2";
				TEST_HOST = "$(BUILT_PRODUCTS_DIR)/PhotosDisplayer.app/$(BUNDLE_EXECUTABLE_FOLDER_PATH)/PhotosDisplayer";
			};
			name = Release;
		};
		4EBF1CE92E0B196D00E7DC0B /* Debug */ = {
			isa = XCBuildConfiguration;
			buildSettings = {
				CODE_SIGN_STYLE = Automatic;
				CURRENT_PROJECT_VERSION = 1;
				DEVELOPMENT_TEAM = X5QPQ583EG;
				GENERATE_INFOPLIST_FILE = YES;
				MARKETING_VERSION = 1.0;
				PRODUCT_BUNDLE_IDENTIFIER = com.animata.PhotosDisplayerUITests;
				PRODUCT_NAME = "$(TARGET_NAME)";
				SWIFT_EMIT_LOC_STRINGS = NO;
				SWIFT_VERSION = 5.0;
				TARGETED_DEVICE_FAMILY = "1,2";
				TEST_TARGET_NAME = PhotosDisplayer;
			};
			name = Debug;
		};
		4EBF1CEA2E0B196D00E7DC0B /* Release */ = {
			isa = XCBuildConfiguration;
			buildSettings = {
				CODE_SIGN_STYLE = Automatic;
				CURRENT_PROJECT_VERSION = 1;
				DEVELOPMENT_TEAM = X5QPQ583EG;
				GENERATE_INFOPLIST_FILE = YES;
				MARKETING_VERSION = 1.0;
				PRODUCT_BUNDLE_IDENTIFIER = com.animata.PhotosDisplayerUITests;
				PRODUCT_NAME = "$(TARGET_NAME)";
				SWIFT_EMIT_LOC_STRINGS = NO;
				SWIFT_VERSION = 5.0;
				TARGETED_DEVICE_FAMILY = "1,2";
				TEST_TARGET_NAME = PhotosDisplayer;
			};
			name = Release;
		};
/* End XCBuildConfiguration section */

/* Begin XCConfigurationList section */
		4EBF1CB22E0B196C00E7DC0B /* Build configuration list for PBXProject "PhotosDisplayer" */ = {
			isa = XCConfigurationList;
			buildConfigurations = (
				4EBF1CE32E0B196D00E7DC0B /* Debug */,
				4EBF1CE42E0B196D00E7DC0B /* Release */,
			);
			defaultConfigurationIsVisible = 0;
			defaultConfigurationName = Release;
		};
		4EBF1CE02E0B196D00E7DC0B /* Build configuration list for PBXNativeTarget "PhotosDisplayer" */ = {
			isa = XCConfigurationList;
			buildConfigurations = (
				4EBF1CE12E0B196D00E7DC0B /* Debug */,
				4EBF1CE22E0B196D00E7DC0B /* Release */,
			);
			defaultConfigurationIsVisible = 0;
			defaultConfigurationName = Release;
		};
		4EBF1CE52E0B196D00E7DC0B /* Build configuration list for PBXNativeTarget "PhotosDisplayerTests" */ = {
			isa = XCConfigurationList;
			buildConfigurations = (
				4EBF1CE62E0B196D00E7DC0B /* Debug */,
				4EBF1CE72E0B196D00E7DC0B /* Release */,
			);
			defaultConfigurationIsVisible = 0;
			defaultConfigurationName = Release;
		};
		4EBF1CE82E0B196D00E7DC0B /* Build configuration list for PBXNativeTarget "PhotosDisplayerUITests" */ = {
			isa = XCConfigurationList;
			buildConfigurations = (
				4EBF1CE92E0B196D00E7DC0B /* Debug */,
				4EBF1CEA2E0B196D00E7DC0B /* Release */,
			);
			defaultConfigurationIsVisible = 0;
			defaultConfigurationName = Release;
		};
/* End XCConfigurationList section */
	};
	rootObject = 4EBF1CAF2E0B196C00E7DC0B /* Project object */;
}
